// !$*UTF8*$!
{
	archiveVersion = 1;
	classes = {
	};
	objectVersion = 51;
	objects = {

/* Begin PBXBuildFile section */
		95A3C9CF0EF6746E305DDB06 /* Pods_McKinley_RiceTests.framework in Frameworks */ = {isa = PBXBuildFile; fileRef = 4E81349E6A2A6600A3FB7D7A /* Pods_McKinley_RiceTests.framework */; };
		E6F3DF6C44FD4B62DE869FD4 /* Pods_McKinley_Rice.framework in Frameworks */ = {isa = PBXBuildFile; fileRef = 877DAE8F8AAC127167AA74E2 /* Pods_McKinley_Rice.framework */; };
		EF0D2AA824311E8300E4CD91 /* AppDelegate.swift in Sources */ = {isa = PBXBuildFile; fileRef = EF0D2AA724311E8300E4CD91 /* AppDelegate.swift */; };
		EF0D2AAA24311E8300E4CD91 /* SceneDelegate.swift in Sources */ = {isa = PBXBuildFile; fileRef = EF0D2AA924311E8300E4CD91 /* SceneDelegate.swift */; };
		EF0D2AAF24311E8300E4CD91 /* Main.storyboard in Resources */ = {isa = PBXBuildFile; fileRef = EF0D2AAD24311E8300E4CD91 /* Main.storyboard */; };
		EF0D2AB224311E8300E4CD91 /* McKinley_Rice.xcdatamodeld in Sources */ = {isa = PBXBuildFile; fileRef = EF0D2AB024311E8300E4CD91 /* McKinley_Rice.xcdatamodeld */; };
		EF0D2AB424311E8800E4CD91 /* Assets.xcassets in Resources */ = {isa = PBXBuildFile; fileRef = EF0D2AB324311E8800E4CD91 /* Assets.xcassets */; };
		EF0D2AB724311E8800E4CD91 /* LaunchScreen.storyboard in Resources */ = {isa = PBXBuildFile; fileRef = EF0D2AB524311E8800E4CD91 /* LaunchScreen.storyboard */; };
		EF0D2AC224311E8800E4CD91 /* McKinley_RiceTests.swift in Sources */ = {isa = PBXBuildFile; fileRef = EF0D2AC124311E8800E4CD91 /* McKinley_RiceTests.swift */; };
		EF0D2ACD24311E8800E4CD91 /* McKinley_RiceUITests.swift in Sources */ = {isa = PBXBuildFile; fileRef = EF0D2ACC24311E8800E4CD91 /* McKinley_RiceUITests.swift */; };
		EF0D2ADE2431216100E4CD91 /* LoginViewController.swift in Sources */ = {isa = PBXBuildFile; fileRef = EF0D2ADD2431216100E4CD91 /* LoginViewController.swift */; };
		EF0D2AE1243126BE00E4CD91 /* LoginModel.swift in Sources */ = {isa = PBXBuildFile; fileRef = EF0D2AE0243126BE00E4CD91 /* LoginModel.swift */; };
		EF0D2AE32431277200E4CD91 /* LoginViewModel.swift in Sources */ = {isa = PBXBuildFile; fileRef = EF0D2AE22431277200E4CD91 /* LoginViewModel.swift */; };
		EF0D2AF324312A8800E4CD91 /* Environment.swift in Sources */ = {isa = PBXBuildFile; fileRef = EF0D2AE724312A8800E4CD91 /* Environment.swift */; };
		EF0D2AF424312A8800E4CD91 /* ParameterEncoding.swift in Sources */ = {isa = PBXBuildFile; fileRef = EF0D2AE924312A8800E4CD91 /* ParameterEncoding.swift */; };
		EF0D2AF524312A8800E4CD91 /* URLParameterEncoder.swift in Sources */ = {isa = PBXBuildFile; fileRef = EF0D2AEA24312A8800E4CD91 /* URLParameterEncoder.swift */; };
		EF0D2AF624312A8800E4CD91 /* JSONParameterEncoder.swift in Sources */ = {isa = PBXBuildFile; fileRef = EF0D2AEB24312A8800E4CD91 /* JSONParameterEncoder.swift */; };
		EF0D2AF724312A8800E4CD91 /* HTTPTask.swift in Sources */ = {isa = PBXBuildFile; fileRef = EF0D2AED24312A8800E4CD91 /* HTTPTask.swift */; };
		EF0D2AF824312A8800E4CD91 /* HTTPMethod.swift in Sources */ = {isa = PBXBuildFile; fileRef = EF0D2AEE24312A8800E4CD91 /* HTTPMethod.swift */; };
		EF0D2AF924312A8800E4CD91 /* EndPointType.swift in Sources */ = {isa = PBXBuildFile; fileRef = EF0D2AEF24312A8800E4CD91 /* EndPointType.swift */; };
		EF0D2AFA24312A8800E4CD91 /* NetworkService.swift in Sources */ = {isa = PBXBuildFile; fileRef = EF0D2AF124312A8800E4CD91 /* NetworkService.swift */; };
		EF0D2AFB24312A8800E4CD91 /* NetworkLogger.swift in Sources */ = {isa = PBXBuildFile; fileRef = EF0D2AF224312A8800E4CD91 /* NetworkLogger.swift */; };
		EF0D2AFE24312BA600E4CD91 /* LoginService.swift in Sources */ = {isa = PBXBuildFile; fileRef = EF0D2AFD24312BA600E4CD91 /* LoginService.swift */; };
		EF0D2B0024312BE800E4CD91 /* LoginResponse.swift in Sources */ = {isa = PBXBuildFile; fileRef = EF0D2AFF24312BE800E4CD91 /* LoginResponse.swift */; };
		EF0D2B0424312E3E00E4CD91 /* Constants.swift in Sources */ = {isa = PBXBuildFile; fileRef = EF0D2B0324312E3E00E4CD91 /* Constants.swift */; };
		EF0D2B0624312E9000E4CD91 /* Utility.swift in Sources */ = {isa = PBXBuildFile; fileRef = EF0D2B0524312E9000E4CD91 /* Utility.swift */; };
		EF0D2B0824312EBE00E4CD91 /* UIApplication+Extension.swift in Sources */ = {isa = PBXBuildFile; fileRef = EF0D2B0724312EBE00E4CD91 /* UIApplication+Extension.swift */; };
		EF0D2B0A24312EF900E4CD91 /* UIViewController+Extension.swift in Sources */ = {isa = PBXBuildFile; fileRef = EF0D2B0924312EF900E4CD91 /* UIViewController+Extension.swift */; };
		EF0D2B0C2431316F00E4CD91 /* UIButton+Extension.swift in Sources */ = {isa = PBXBuildFile; fileRef = EF0D2B0B2431316F00E4CD91 /* UIButton+Extension.swift */; };
		EF0D2B0E2431323D00E4CD91 /* UIColor+Extension.swift in Sources */ = {isa = PBXBuildFile; fileRef = EF0D2B0D2431323D00E4CD91 /* UIColor+Extension.swift */; };
		EF0D2B102431348400E4CD91 /* String+Extension.swift in Sources */ = {isa = PBXBuildFile; fileRef = EF0D2B0F2431348400E4CD91 /* String+Extension.swift */; };
		FF340EC28DAACED24479D847 /* Pods_McKinley_Rice_McKinley_RiceUITests.framework in Frameworks */ = {isa = PBXBuildFile; fileRef = 86AAE08D95D5BA4A2C86DEDD /* Pods_McKinley_Rice_McKinley_RiceUITests.framework */; };
/* End PBXBuildFile section */

/* Begin PBXContainerItemProxy section */
		EF0D2ABE24311E8800E4CD91 /* PBXContainerItemProxy */ = {
			isa = PBXContainerItemProxy;
			containerPortal = EF0D2A9C24311E8300E4CD91 /* Project object */;
			proxyType = 1;
			remoteGlobalIDString = EF0D2AA324311E8300E4CD91;
			remoteInfo = "McKinley&Rice";
		};
		EF0D2AC924311E8800E4CD91 /* PBXContainerItemProxy */ = {
			isa = PBXContainerItemProxy;
			containerPortal = EF0D2A9C24311E8300E4CD91 /* Project object */;
			proxyType = 1;
			remoteGlobalIDString = EF0D2AA324311E8300E4CD91;
			remoteInfo = "McKinley&Rice";
		};
/* End PBXContainerItemProxy section */

/* Begin PBXFileReference section */
		2942C97CE97BF2F6B0508A4D /* Pods-McKinley&RiceTests.release.xcconfig */ = {isa = PBXFileReference; includeInIndex = 1; lastKnownFileType = text.xcconfig; name = "Pods-McKinley&RiceTests.release.xcconfig"; path = "Target Support Files/Pods-McKinley&RiceTests/Pods-McKinley&RiceTests.release.xcconfig"; sourceTree = "<group>"; };
		4E81349E6A2A6600A3FB7D7A /* Pods_McKinley_RiceTests.framework */ = {isa = PBXFileReference; explicitFileType = wrapper.framework; includeInIndex = 0; path = Pods_McKinley_RiceTests.framework; sourceTree = BUILT_PRODUCTS_DIR; };
		7390124047567CEE8E7D7AC6 /* Pods-McKinley&Rice.release.xcconfig */ = {isa = PBXFileReference; includeInIndex = 1; lastKnownFileType = text.xcconfig; name = "Pods-McKinley&Rice.release.xcconfig"; path = "Target Support Files/Pods-McKinley&Rice/Pods-McKinley&Rice.release.xcconfig"; sourceTree = "<group>"; };
		7BF7CE164154D944E71E873B /* Pods-McKinley&RiceTests.debug.xcconfig */ = {isa = PBXFileReference; includeInIndex = 1; lastKnownFileType = text.xcconfig; name = "Pods-McKinley&RiceTests.debug.xcconfig"; path = "Target Support Files/Pods-McKinley&RiceTests/Pods-McKinley&RiceTests.debug.xcconfig"; sourceTree = "<group>"; };
		86AAE08D95D5BA4A2C86DEDD /* Pods_McKinley_Rice_McKinley_RiceUITests.framework */ = {isa = PBXFileReference; explicitFileType = wrapper.framework; includeInIndex = 0; path = Pods_McKinley_Rice_McKinley_RiceUITests.framework; sourceTree = BUILT_PRODUCTS_DIR; };
		877DAE8F8AAC127167AA74E2 /* Pods_McKinley_Rice.framework */ = {isa = PBXFileReference; explicitFileType = wrapper.framework; includeInIndex = 0; path = Pods_McKinley_Rice.framework; sourceTree = BUILT_PRODUCTS_DIR; };
		9B48F27A44EC29B34DDA1103 /* Pods-McKinley&Rice.debug.xcconfig */ = {isa = PBXFileReference; includeInIndex = 1; lastKnownFileType = text.xcconfig; name = "Pods-McKinley&Rice.debug.xcconfig"; path = "Target Support Files/Pods-McKinley&Rice/Pods-McKinley&Rice.debug.xcconfig"; sourceTree = "<group>"; };
		B2AA67B0C25FC4DD8F57D3BF /* Pods-McKinley&Rice-McKinley&RiceUITests.debug.xcconfig */ = {isa = PBXFileReference; includeInIndex = 1; lastKnownFileType = text.xcconfig; name = "Pods-McKinley&Rice-McKinley&RiceUITests.debug.xcconfig"; path = "Target Support Files/Pods-McKinley&Rice-McKinley&RiceUITests/Pods-McKinley&Rice-McKinley&RiceUITests.debug.xcconfig"; sourceTree = "<group>"; };
		EA0D2530339667141DADCD3F /* Pods-McKinley&Rice-McKinley&RiceUITests.release.xcconfig */ = {isa = PBXFileReference; includeInIndex = 1; lastKnownFileType = text.xcconfig; name = "Pods-McKinley&Rice-McKinley&RiceUITests.release.xcconfig"; path = "Target Support Files/Pods-McKinley&Rice-McKinley&RiceUITests/Pods-McKinley&Rice-McKinley&RiceUITests.release.xcconfig"; sourceTree = "<group>"; };
		EF0D2AA424311E8300E4CD91 /* McKinley&Rice.app */ = {isa = PBXFileReference; explicitFileType = wrapper.application; includeInIndex = 0; path = "McKinley&Rice.app"; sourceTree = BUILT_PRODUCTS_DIR; };
		EF0D2AA724311E8300E4CD91 /* AppDelegate.swift */ = {isa = PBXFileReference; lastKnownFileType = sourcecode.swift; path = AppDelegate.swift; sourceTree = "<group>"; };
		EF0D2AA924311E8300E4CD91 /* SceneDelegate.swift */ = {isa = PBXFileReference; lastKnownFileType = sourcecode.swift; path = SceneDelegate.swift; sourceTree = "<group>"; };
		EF0D2AAE24311E8300E4CD91 /* Base */ = {isa = PBXFileReference; lastKnownFileType = file.storyboard; name = Base; path = Base.lproj/Main.storyboard; sourceTree = "<group>"; };
		EF0D2AB124311E8300E4CD91 /* McKinley_Rice.xcdatamodel */ = {isa = PBXFileReference; lastKnownFileType = wrapper.xcdatamodel; path = McKinley_Rice.xcdatamodel; sourceTree = "<group>"; };
		EF0D2AB324311E8800E4CD91 /* Assets.xcassets */ = {isa = PBXFileReference; lastKnownFileType = folder.assetcatalog; path = Assets.xcassets; sourceTree = "<group>"; };
		EF0D2AB624311E8800E4CD91 /* Base */ = {isa = PBXFileReference; lastKnownFileType = file.storyboard; name = Base; path = Base.lproj/LaunchScreen.storyboard; sourceTree = "<group>"; };
		EF0D2AB824311E8800E4CD91 /* Info.plist */ = {isa = PBXFileReference; lastKnownFileType = text.plist.xml; path = Info.plist; sourceTree = "<group>"; };
		EF0D2ABD24311E8800E4CD91 /* McKinley&RiceTests.xctest */ = {isa = PBXFileReference; explicitFileType = wrapper.cfbundle; includeInIndex = 0; path = "McKinley&RiceTests.xctest"; sourceTree = BUILT_PRODUCTS_DIR; };
		EF0D2AC124311E8800E4CD91 /* McKinley_RiceTests.swift */ = {isa = PBXFileReference; lastKnownFileType = sourcecode.swift; path = McKinley_RiceTests.swift; sourceTree = "<group>"; };
		EF0D2AC324311E8800E4CD91 /* Info.plist */ = {isa = PBXFileReference; lastKnownFileType = text.plist.xml; path = Info.plist; sourceTree = "<group>"; };
		EF0D2AC824311E8800E4CD91 /* McKinley&RiceUITests.xctest */ = {isa = PBXFileReference; explicitFileType = wrapper.cfbundle; includeInIndex = 0; path = "McKinley&RiceUITests.xctest"; sourceTree = BUILT_PRODUCTS_DIR; };
		EF0D2ACC24311E8800E4CD91 /* McKinley_RiceUITests.swift */ = {isa = PBXFileReference; lastKnownFileType = sourcecode.swift; path = McKinley_RiceUITests.swift; sourceTree = "<group>"; };
		EF0D2ACE24311E8800E4CD91 /* Info.plist */ = {isa = PBXFileReference; lastKnownFileType = text.plist.xml; path = Info.plist; sourceTree = "<group>"; };
		EF0D2ADD2431216100E4CD91 /* LoginViewController.swift */ = {isa = PBXFileReference; lastKnownFileType = sourcecode.swift; path = LoginViewController.swift; sourceTree = "<group>"; };
		EF0D2AE0243126BE00E4CD91 /* LoginModel.swift */ = {isa = PBXFileReference; lastKnownFileType = sourcecode.swift; path = LoginModel.swift; sourceTree = "<group>"; };
		EF0D2AE22431277200E4CD91 /* LoginViewModel.swift */ = {isa = PBXFileReference; lastKnownFileType = sourcecode.swift; path = LoginViewModel.swift; sourceTree = "<group>"; };
		EF0D2AE724312A8800E4CD91 /* Environment.swift */ = {isa = PBXFileReference; fileEncoding = 4; lastKnownFileType = sourcecode.swift; path = Environment.swift; sourceTree = "<group>"; };
		EF0D2AE924312A8800E4CD91 /* ParameterEncoding.swift */ = {isa = PBXFileReference; fileEncoding = 4; lastKnownFileType = sourcecode.swift; path = ParameterEncoding.swift; sourceTree = "<group>"; };
		EF0D2AEA24312A8800E4CD91 /* URLParameterEncoder.swift */ = {isa = PBXFileReference; fileEncoding = 4; lastKnownFileType = sourcecode.swift; path = URLParameterEncoder.swift; sourceTree = "<group>"; };
		EF0D2AEB24312A8800E4CD91 /* JSONParameterEncoder.swift */ = {isa = PBXFileReference; fileEncoding = 4; lastKnownFileType = sourcecode.swift; path = JSONParameterEncoder.swift; sourceTree = "<group>"; };
		EF0D2AED24312A8800E4CD91 /* HTTPTask.swift */ = {isa = PBXFileReference; fileEncoding = 4; lastKnownFileType = sourcecode.swift; path = HTTPTask.swift; sourceTree = "<group>"; };
		EF0D2AEE24312A8800E4CD91 /* HTTPMethod.swift */ = {isa = PBXFileReference; fileEncoding = 4; lastKnownFileType = sourcecode.swift; path = HTTPMethod.swift; sourceTree = "<group>"; };
		EF0D2AEF24312A8800E4CD91 /* EndPointType.swift */ = {isa = PBXFileReference; fileEncoding = 4; lastKnownFileType = sourcecode.swift; path = EndPointType.swift; sourceTree = "<group>"; };
		EF0D2AF124312A8800E4CD91 /* NetworkService.swift */ = {isa = PBXFileReference; fileEncoding = 4; lastKnownFileType = sourcecode.swift; path = NetworkService.swift; sourceTree = "<group>"; };
		EF0D2AF224312A8800E4CD91 /* NetworkLogger.swift */ = {isa = PBXFileReference; fileEncoding = 4; lastKnownFileType = sourcecode.swift; path = NetworkLogger.swift; sourceTree = "<group>"; };
		EF0D2AFD24312BA600E4CD91 /* LoginService.swift */ = {isa = PBXFileReference; lastKnownFileType = sourcecode.swift; path = LoginService.swift; sourceTree = "<group>"; };
		EF0D2AFF24312BE800E4CD91 /* LoginResponse.swift */ = {isa = PBXFileReference; lastKnownFileType = sourcecode.swift; path = LoginResponse.swift; sourceTree = "<group>"; };
		EF0D2B0324312E3E00E4CD91 /* Constants.swift */ = {isa = PBXFileReference; lastKnownFileType = sourcecode.swift; path = Constants.swift; sourceTree = "<group>"; };
		EF0D2B0524312E9000E4CD91 /* Utility.swift */ = {isa = PBXFileReference; lastKnownFileType = sourcecode.swift; path = Utility.swift; sourceTree = "<group>"; };
		EF0D2B0724312EBE00E4CD91 /* UIApplication+Extension.swift */ = {isa = PBXFileReference; lastKnownFileType = sourcecode.swift; path = "UIApplication+Extension.swift"; sourceTree = "<group>"; };
		EF0D2B0924312EF900E4CD91 /* UIViewController+Extension.swift */ = {isa = PBXFileReference; lastKnownFileType = sourcecode.swift; path = "UIViewController+Extension.swift"; sourceTree = "<group>"; };
		EF0D2B0B2431316F00E4CD91 /* UIButton+Extension.swift */ = {isa = PBXFileReference; lastKnownFileType = sourcecode.swift; path = "UIButton+Extension.swift"; sourceTree = "<group>"; };
		EF0D2B0D2431323D00E4CD91 /* UIColor+Extension.swift */ = {isa = PBXFileReference; lastKnownFileType = sourcecode.swift; path = "UIColor+Extension.swift"; sourceTree = "<group>"; };
		EF0D2B0F2431348400E4CD91 /* String+Extension.swift */ = {isa = PBXFileReference; lastKnownFileType = sourcecode.swift; path = "String+Extension.swift"; sourceTree = "<group>"; };
/* End PBXFileReference section */

/* Begin PBXFrameworksBuildPhase section */
		EF0D2AA124311E8300E4CD91 /* Frameworks */ = {
			isa = PBXFrameworksBuildPhase;
			buildActionMask = 2147483647;
			files = (
				E6F3DF6C44FD4B62DE869FD4 /* Pods_McKinley_Rice.framework in Frameworks */,
			);
			runOnlyForDeploymentPostprocessing = 0;
		};
		EF0D2ABA24311E8800E4CD91 /* Frameworks */ = {
			isa = PBXFrameworksBuildPhase;
			buildActionMask = 2147483647;
			files = (
				95A3C9CF0EF6746E305DDB06 /* Pods_McKinley_RiceTests.framework in Frameworks */,
			);
			runOnlyForDeploymentPostprocessing = 0;
		};
		EF0D2AC524311E8800E4CD91 /* Frameworks */ = {
			isa = PBXFrameworksBuildPhase;
			buildActionMask = 2147483647;
			files = (
				FF340EC28DAACED24479D847 /* Pods_McKinley_Rice_McKinley_RiceUITests.framework in Frameworks */,
			);
			runOnlyForDeploymentPostprocessing = 0;
		};
/* End PBXFrameworksBuildPhase section */

/* Begin PBXGroup section */
		6470F8510AC250DDB8F5B1AF /* Frameworks */ = {
			isa = PBXGroup;
			children = (
				877DAE8F8AAC127167AA74E2 /* Pods_McKinley_Rice.framework */,
				86AAE08D95D5BA4A2C86DEDD /* Pods_McKinley_Rice_McKinley_RiceUITests.framework */,
				4E81349E6A2A6600A3FB7D7A /* Pods_McKinley_RiceTests.framework */,
			);
			name = Frameworks;
			sourceTree = "<group>";
		};
		CA049303879D0E881070A8F9 /* Pods */ = {
			isa = PBXGroup;
			children = (
				9B48F27A44EC29B34DDA1103 /* Pods-McKinley&Rice.debug.xcconfig */,
				7390124047567CEE8E7D7AC6 /* Pods-McKinley&Rice.release.xcconfig */,
				B2AA67B0C25FC4DD8F57D3BF /* Pods-McKinley&Rice-McKinley&RiceUITests.debug.xcconfig */,
				EA0D2530339667141DADCD3F /* Pods-McKinley&Rice-McKinley&RiceUITests.release.xcconfig */,
				7BF7CE164154D944E71E873B /* Pods-McKinley&RiceTests.debug.xcconfig */,
				2942C97CE97BF2F6B0508A4D /* Pods-McKinley&RiceTests.release.xcconfig */,
			);
			path = Pods;
			sourceTree = "<group>";
		};
		EF0D2A9B24311E8300E4CD91 = {
			isa = PBXGroup;
			children = (
				EF0D2AA624311E8300E4CD91 /* McKinley&Rice */,
				EF0D2AC024311E8800E4CD91 /* McKinley&RiceTests */,
				EF0D2ACB24311E8800E4CD91 /* McKinley&RiceUITests */,
				EF0D2AA524311E8300E4CD91 /* Products */,
				CA049303879D0E881070A8F9 /* Pods */,
				6470F8510AC250DDB8F5B1AF /* Frameworks */,
			);
			sourceTree = "<group>";
		};
		EF0D2AA524311E8300E4CD91 /* Products */ = {
			isa = PBXGroup;
			children = (
				EF0D2AA424311E8300E4CD91 /* McKinley&Rice.app */,
				EF0D2ABD24311E8800E4CD91 /* McKinley&RiceTests.xctest */,
				EF0D2AC824311E8800E4CD91 /* McKinley&RiceUITests.xctest */,
			);
			name = Products;
			sourceTree = "<group>";
		};
		EF0D2AA624311E8300E4CD91 /* McKinley&Rice */ = {
			isa = PBXGroup;
			children = (
				EF0D2AFC24312B8C00E4CD91 /* ServiceLayer */,
				EF0D2AE624312A8800E4CD91 /* Networking */,
				EF0D2AE424312A5000E4CD91 /* Helper */,
				EF0D2ADA2431212F00E4CD91 /* AppGroup */,
				EF0D2AA724311E8300E4CD91 /* AppDelegate.swift */,
				EF0D2AA924311E8300E4CD91 /* SceneDelegate.swift */,
				EF0D2AAD24311E8300E4CD91 /* Main.storyboard */,
				EF0D2AB324311E8800E4CD91 /* Assets.xcassets */,
				EF0D2AB524311E8800E4CD91 /* LaunchScreen.storyboard */,
				EF0D2AB824311E8800E4CD91 /* Info.plist */,
				EF0D2AB024311E8300E4CD91 /* McKinley_Rice.xcdatamodeld */,
			);
			path = "McKinley&Rice";
			sourceTree = "<group>";
		};
		EF0D2AC024311E8800E4CD91 /* McKinley&RiceTests */ = {
			isa = PBXGroup;
			children = (
				EF0D2AC124311E8800E4CD91 /* McKinley_RiceTests.swift */,
				EF0D2AC324311E8800E4CD91 /* Info.plist */,
			);
			path = "McKinley&RiceTests";
			sourceTree = "<group>";
		};
		EF0D2ACB24311E8800E4CD91 /* McKinley&RiceUITests */ = {
			isa = PBXGroup;
			children = (
				EF0D2ACC24311E8800E4CD91 /* McKinley_RiceUITests.swift */,
				EF0D2ACE24311E8800E4CD91 /* Info.plist */,
			);
			path = "McKinley&RiceUITests";
			sourceTree = "<group>";
		};
		EF0D2ADA2431212F00E4CD91 /* AppGroup */ = {
			isa = PBXGroup;
			children = (
				EF0D2B112431370200E4CD91 /* WebView */,
				EF0D2ADF243126A900E4CD91 /* Model */,
				EF0D2ADC2431213E00E4CD91 /* ViewModel */,
				EF0D2ADB2431213600E4CD91 /* View */,
			);
			path = AppGroup;
			sourceTree = "<group>";
		};
		EF0D2ADB2431213600E4CD91 /* View */ = {
			isa = PBXGroup;
			children = (
				EF0D2ADD2431216100E4CD91 /* LoginViewController.swift */,
			);
			path = View;
			sourceTree = "<group>";
		};
		EF0D2ADC2431213E00E4CD91 /* ViewModel */ = {
			isa = PBXGroup;
			children = (
				EF0D2AE22431277200E4CD91 /* LoginViewModel.swift */,
			);
			path = ViewModel;
			sourceTree = "<group>";
		};
		EF0D2ADF243126A900E4CD91 /* Model */ = {
			isa = PBXGroup;
			children = (
				EF0D2AE0243126BE00E4CD91 /* LoginModel.swift */,
				EF0D2AFF24312BE800E4CD91 /* LoginResponse.swift */,
			);
			path = Model;
			sourceTree = "<group>";
		};
		EF0D2AE424312A5000E4CD91 /* Helper */ = {
			isa = PBXGroup;
			children = (
				EF0D2B0124312E2700E4CD91 /* Constants */,
				EF0D2AE524312A5800E4CD91 /* Extensions */,
				EF0D2B0524312E9000E4CD91 /* Utility.swift */,
			);
			path = Helper;
			sourceTree = "<group>";
		};
		EF0D2AE524312A5800E4CD91 /* Extensions */ = {
			isa = PBXGroup;
			children = (
				EF0D2B0724312EBE00E4CD91 /* UIApplication+Extension.swift */,
				EF0D2B0924312EF900E4CD91 /* UIViewController+Extension.swift */,
				EF0D2B0B2431316F00E4CD91 /* UIButton+Extension.swift */,
				EF0D2B0D2431323D00E4CD91 /* UIColor+Extension.swift */,
				EF0D2B0F2431348400E4CD91 /* String+Extension.swift */,
			);
			path = Extensions;
			sourceTree = "<group>";
		};
		EF0D2AE624312A8800E4CD91 /* Networking */ = {
			isa = PBXGroup;
			children = (
				EF0D2AE724312A8800E4CD91 /* Environment.swift */,
				EF0D2AE824312A8800E4CD91 /* Encoding */,
				EF0D2AEC24312A8800E4CD91 /* Endpoint */,
				EF0D2AF024312A8800E4CD91 /* Service */,
			);
			path = Networking;
			sourceTree = "<group>";
		};
		EF0D2AE824312A8800E4CD91 /* Encoding */ = {
			isa = PBXGroup;
			children = (
				EF0D2AE924312A8800E4CD91 /* ParameterEncoding.swift */,
				EF0D2AEA24312A8800E4CD91 /* URLParameterEncoder.swift */,
				EF0D2AEB24312A8800E4CD91 /* JSONParameterEncoder.swift */,
			);
			path = Encoding;
			sourceTree = "<group>";
		};
		EF0D2AEC24312A8800E4CD91 /* Endpoint */ = {
			isa = PBXGroup;
			children = (
				EF0D2AED24312A8800E4CD91 /* HTTPTask.swift */,
				EF0D2AEE24312A8800E4CD91 /* HTTPMethod.swift */,
				EF0D2AEF24312A8800E4CD91 /* EndPointType.swift */,
			);
			path = Endpoint;
			sourceTree = "<group>";
		};
		EF0D2AF024312A8800E4CD91 /* Service */ = {
			isa = PBXGroup;
			children = (
				EF0D2AF124312A8800E4CD91 /* NetworkService.swift */,
				EF0D2AF224312A8800E4CD91 /* NetworkLogger.swift */,
			);
			path = Service;
			sourceTree = "<group>";
		};
		EF0D2AFC24312B8C00E4CD91 /* ServiceLayer */ = {
			isa = PBXGroup;
			children = (
				EF0D2AFD24312BA600E4CD91 /* LoginService.swift */,
			);
			path = ServiceLayer;
			sourceTree = "<group>";
		};
		EF0D2B0124312E2700E4CD91 /* Constants */ = {
			isa = PBXGroup;
			children = (
				EF0D2B0324312E3E00E4CD91 /* Constants.swift */,
			);
			path = Constants;
			sourceTree = "<group>";
		};
		EF0D2B112431370200E4CD91 /* WebView */ = {
			isa = PBXGroup;
			children = (
			);
			path = WebView;
			sourceTree = "<group>";
		};
/* End PBXGroup section */

/* Begin PBXNativeTarget section */
		EF0D2AA324311E8300E4CD91 /* McKinley&Rice */ = {
			isa = PBXNativeTarget;
			buildConfigurationList = EF0D2AD124311E8800E4CD91 /* Build configuration list for PBXNativeTarget "McKinley&Rice" */;
			buildPhases = (
				058545334C0A1798343E4520 /* [CP] Check Pods Manifest.lock */,
				EF0D2AA024311E8300E4CD91 /* Sources */,
				EF0D2AA124311E8300E4CD91 /* Frameworks */,
				EF0D2AA224311E8300E4CD91 /* Resources */,
				1022E20DA9DEC8DDD24C49E6 /* [CP] Embed Pods Frameworks */,
			);
			buildRules = (
			);
			dependencies = (
			);
			name = "McKinley&Rice";
			productName = "McKinley&Rice";
			productReference = EF0D2AA424311E8300E4CD91 /* McKinley&Rice.app */;
			productType = "com.apple.product-type.application";
		};
		EF0D2ABC24311E8800E4CD91 /* McKinley&RiceTests */ = {
			isa = PBXNativeTarget;
			buildConfigurationList = EF0D2AD424311E8800E4CD91 /* Build configuration list for PBXNativeTarget "McKinley&RiceTests" */;
			buildPhases = (
				61EB9393CED505442ACA81E1 /* [CP] Check Pods Manifest.lock */,
				EF0D2AB924311E8800E4CD91 /* Sources */,
				EF0D2ABA24311E8800E4CD91 /* Frameworks */,
				EF0D2ABB24311E8800E4CD91 /* Resources */,
			);
			buildRules = (
			);
			dependencies = (
				EF0D2ABF24311E8800E4CD91 /* PBXTargetDependency */,
			);
			name = "McKinley&RiceTests";
			productName = "McKinley&RiceTests";
			productReference = EF0D2ABD24311E8800E4CD91 /* McKinley&RiceTests.xctest */;
			productType = "com.apple.product-type.bundle.unit-test";
		};
		EF0D2AC724311E8800E4CD91 /* McKinley&RiceUITests */ = {
			isa = PBXNativeTarget;
			buildConfigurationList = EF0D2AD724311E8800E4CD91 /* Build configuration list for PBXNativeTarget "McKinley&RiceUITests" */;
			buildPhases = (
				753B8B7774D5B7254B1EF7BB /* [CP] Check Pods Manifest.lock */,
				EF0D2AC424311E8800E4CD91 /* Sources */,
				EF0D2AC524311E8800E4CD91 /* Frameworks */,
				EF0D2AC624311E8800E4CD91 /* Resources */,
				523DE9B5B52CD1D044A1809F /* [CP] Embed Pods Frameworks */,
			);
			buildRules = (
			);
			dependencies = (
				EF0D2ACA24311E8800E4CD91 /* PBXTargetDependency */,
			);
			name = "McKinley&RiceUITests";
			productName = "McKinley&RiceUITests";
			productReference = EF0D2AC824311E8800E4CD91 /* McKinley&RiceUITests.xctest */;
			productType = "com.apple.product-type.bundle.ui-testing";
		};
/* End PBXNativeTarget section */

/* Begin PBXProject section */
		EF0D2A9C24311E8300E4CD91 /* Project object */ = {
			isa = PBXProject;
			attributes = {
				LastSwiftUpdateCheck = 1130;
				LastUpgradeCheck = 1130;
				ORGANIZATIONNAME = "Soumya Jain";
				TargetAttributes = {
					EF0D2AA324311E8300E4CD91 = {
						CreatedOnToolsVersion = 11.3.1;
					};
					EF0D2ABC24311E8800E4CD91 = {
						CreatedOnToolsVersion = 11.3.1;
						TestTargetID = EF0D2AA324311E8300E4CD91;
					};
					EF0D2AC724311E8800E4CD91 = {
						CreatedOnToolsVersion = 11.3.1;
						TestTargetID = EF0D2AA324311E8300E4CD91;
					};
				};
			};
			buildConfigurationList = EF0D2A9F24311E8300E4CD91 /* Build configuration list for PBXProject "McKinley&Rice" */;
			compatibilityVersion = "Xcode 9.3";
			developmentRegion = en;
			hasScannedForEncodings = 0;
			knownRegions = (
				en,
				Base,
			);
			mainGroup = EF0D2A9B24311E8300E4CD91;
			productRefGroup = EF0D2AA524311E8300E4CD91 /* Products */;
			projectDirPath = "";
			projectRoot = "";
			targets = (
				EF0D2AA324311E8300E4CD91 /* McKinley&Rice */,
				EF0D2ABC24311E8800E4CD91 /* McKinley&RiceTests */,
				EF0D2AC724311E8800E4CD91 /* McKinley&RiceUITests */,
			);
		};
/* End PBXProject section */

/* Begin PBXResourcesBuildPhase section */
		EF0D2AA224311E8300E4CD91 /* Resources */ = {
			isa = PBXResourcesBuildPhase;
			buildActionMask = 2147483647;
			files = (
				EF0D2AB724311E8800E4CD91 /* LaunchScreen.storyboard in Resources */,
				EF0D2AB424311E8800E4CD91 /* Assets.xcassets in Resources */,
				EF0D2AAF24311E8300E4CD91 /* Main.storyboard in Resources */,
			);
			runOnlyForDeploymentPostprocessing = 0;
		};
		EF0D2ABB24311E8800E4CD91 /* Resources */ = {
			isa = PBXResourcesBuildPhase;
			buildActionMask = 2147483647;
			files = (
			);
			runOnlyForDeploymentPostprocessing = 0;
		};
		EF0D2AC624311E8800E4CD91 /* Resources */ = {
			isa = PBXResourcesBuildPhase;
			buildActionMask = 2147483647;
			files = (
			);
			runOnlyForDeploymentPostprocessing = 0;
		};
/* End PBXResourcesBuildPhase section */

/* Begin PBXShellScriptBuildPhase section */
		058545334C0A1798343E4520 /* [CP] Check Pods Manifest.lock */ = {
			isa = PBXShellScriptBuildPhase;
			buildActionMask = 2147483647;
			files = (
			);
			inputFileListPaths = (
			);
			inputPaths = (
				"${PODS_PODFILE_DIR_PATH}/Podfile.lock",
				"${PODS_ROOT}/Manifest.lock",
			);
			name = "[CP] Check Pods Manifest.lock";
			outputFileListPaths = (
			);
			outputPaths = (
				"$(DERIVED_FILE_DIR)/Pods-McKinley&Rice-checkManifestLockResult.txt",
			);
			runOnlyForDeploymentPostprocessing = 0;
			shellPath = /bin/sh;
			shellScript = "diff \"${PODS_PODFILE_DIR_PATH}/Podfile.lock\" \"${PODS_ROOT}/Manifest.lock\" > /dev/null\nif [ $? != 0 ] ; then\n    # print error to STDERR\n    echo \"error: The sandbox is not in sync with the Podfile.lock. Run 'pod install' or update your CocoaPods installation.\" >&2\n    exit 1\nfi\n# This output is used by Xcode 'outputs' to avoid re-running this script phase.\necho \"SUCCESS\" > \"${SCRIPT_OUTPUT_FILE_0}\"\n";
			showEnvVarsInLog = 0;
		};
		1022E20DA9DEC8DDD24C49E6 /* [CP] Embed Pods Frameworks */ = {
			isa = PBXShellScriptBuildPhase;
			buildActionMask = 2147483647;
			files = (
			);
			inputFileListPaths = (
				"${PODS_ROOT}/Target Support Files/Pods-McKinley&Rice/Pods-McKinley&Rice-frameworks-${CONFIGURATION}-input-files.xcfilelist",
			);
			name = "[CP] Embed Pods Frameworks";
			outputFileListPaths = (
				"${PODS_ROOT}/Target Support Files/Pods-McKinley&Rice/Pods-McKinley&Rice-frameworks-${CONFIGURATION}-output-files.xcfilelist",
			);
			runOnlyForDeploymentPostprocessing = 0;
			shellPath = /bin/sh;
			shellScript = "\"${PODS_ROOT}/Target Support Files/Pods-McKinley&Rice/Pods-McKinley&Rice-frameworks.sh\"\n";
			showEnvVarsInLog = 0;
		};
		523DE9B5B52CD1D044A1809F /* [CP] Embed Pods Frameworks */ = {
			isa = PBXShellScriptBuildPhase;
			buildActionMask = 2147483647;
			files = (
			);
			inputFileListPaths = (
				"${PODS_ROOT}/Target Support Files/Pods-McKinley&Rice-McKinley&RiceUITests/Pods-McKinley&Rice-McKinley&RiceUITests-frameworks-${CONFIGURATION}-input-files.xcfilelist",
			);
			name = "[CP] Embed Pods Frameworks";
			outputFileListPaths = (
				"${PODS_ROOT}/Target Support Files/Pods-McKinley&Rice-McKinley&RiceUITests/Pods-McKinley&Rice-McKinley&RiceUITests-frameworks-${CONFIGURATION}-output-files.xcfilelist",
			);
			runOnlyForDeploymentPostprocessing = 0;
			shellPath = /bin/sh;
			shellScript = "\"${PODS_ROOT}/Target Support Files/Pods-McKinley&Rice-McKinley&RiceUITests/Pods-McKinley&Rice-McKinley&RiceUITests-frameworks.sh\"\n";
			showEnvVarsInLog = 0;
		};
		61EB9393CED505442ACA81E1 /* [CP] Check Pods Manifest.lock */ = {
			isa = PBXShellScriptBuildPhase;
			buildActionMask = 2147483647;
			files = (
			);
			inputFileListPaths = (
			);
			inputPaths = (
				"${PODS_PODFILE_DIR_PATH}/Podfile.lock",
				"${PODS_ROOT}/Manifest.lock",
			);
			name = "[CP] Check Pods Manifest.lock";
			outputFileListPaths = (
			);
			outputPaths = (
				"$(DERIVED_FILE_DIR)/Pods-McKinley&RiceTests-checkManifestLockResult.txt",
			);
			runOnlyForDeploymentPostprocessing = 0;
			shellPath = /bin/sh;
			shellScript = "diff \"${PODS_PODFILE_DIR_PATH}/Podfile.lock\" \"${PODS_ROOT}/Manifest.lock\" > /dev/null\nif [ $? != 0 ] ; then\n    # print error to STDERR\n    echo \"error: The sandbox is not in sync with the Podfile.lock. Run 'pod install' or update your CocoaPods installation.\" >&2\n    exit 1\nfi\n# This output is used by Xcode 'outputs' to avoid re-running this script phase.\necho \"SUCCESS\" > \"${SCRIPT_OUTPUT_FILE_0}\"\n";
			showEnvVarsInLog = 0;
		};
		753B8B7774D5B7254B1EF7BB /* [CP] Check Pods Manifest.lock */ = {
			isa = PBXShellScriptBuildPhase;
			buildActionMask = 2147483647;
			files = (
			);
			inputFileListPaths = (
			);
			inputPaths = (
				"${PODS_PODFILE_DIR_PATH}/Podfile.lock",
				"${PODS_ROOT}/Manifest.lock",
			);
			name = "[CP] Check Pods Manifest.lock";
			outputFileListPaths = (
			);
			outputPaths = (
				"$(DERIVED_FILE_DIR)/Pods-McKinley&Rice-McKinley&RiceUITests-checkManifestLockResult.txt",
			);
			runOnlyForDeploymentPostprocessing = 0;
			shellPath = /bin/sh;
			shellScript = "diff \"${PODS_PODFILE_DIR_PATH}/Podfile.lock\" \"${PODS_ROOT}/Manifest.lock\" > /dev/null\nif [ $? != 0 ] ; then\n    # print error to STDERR\n    echo \"error: The sandbox is not in sync with the Podfile.lock. Run 'pod install' or update your CocoaPods installation.\" >&2\n    exit 1\nfi\n# This output is used by Xcode 'outputs' to avoid re-running this script phase.\necho \"SUCCESS\" > \"${SCRIPT_OUTPUT_FILE_0}\"\n";
			showEnvVarsInLog = 0;
		};
/* End PBXShellScriptBuildPhase section */

/* Begin PBXSourcesBuildPhase section */
		EF0D2AA024311E8300E4CD91 /* Sources */ = {
			isa = PBXSourcesBuildPhase;
			buildActionMask = 2147483647;
			files = (
				EF0D2AFB24312A8800E4CD91 /* NetworkLogger.swift in Sources */,
				EF0D2AF624312A8800E4CD91 /* JSONParameterEncoder.swift in Sources */,
				EF0D2AE1243126BE00E4CD91 /* LoginModel.swift in Sources */,
				EF0D2B0C2431316F00E4CD91 /* UIButton+Extension.swift in Sources */,
				EF0D2AF924312A8800E4CD91 /* EndPointType.swift in Sources */,
				EF0D2ADE2431216100E4CD91 /* LoginViewController.swift in Sources */,
				EF0D2AF424312A8800E4CD91 /* ParameterEncoding.swift in Sources */,
				EF0D2B0624312E9000E4CD91 /* Utility.swift in Sources */,
				EF0D2AE32431277200E4CD91 /* LoginViewModel.swift in Sources */,
				EF0D2AFE24312BA600E4CD91 /* LoginService.swift in Sources */,
				EF0D2AFA24312A8800E4CD91 /* NetworkService.swift in Sources */,
				EF0D2AF324312A8800E4CD91 /* Environment.swift in Sources */,
				EF0D2AB224311E8300E4CD91 /* McKinley_Rice.xcdatamodeld in Sources */,
				EF0D2AF724312A8800E4CD91 /* HTTPTask.swift in Sources */,
				EF0D2AF824312A8800E4CD91 /* HTTPMethod.swift in Sources */,
				EF0D2AA824311E8300E4CD91 /* AppDelegate.swift in Sources */,
				EF0D2B102431348400E4CD91 /* String+Extension.swift in Sources */,
				EF0D2AAA24311E8300E4CD91 /* SceneDelegate.swift in Sources */,
				EF0D2B0E2431323D00E4CD91 /* UIColor+Extension.swift in Sources */,
				EF0D2B0024312BE800E4CD91 /* LoginResponse.swift in Sources */,
				EF0D2AF524312A8800E4CD91 /* URLParameterEncoder.swift in Sources */,
				EF0D2B0A24312EF900E4CD91 /* UIViewController+Extension.swift in Sources */,
				EF0D2B0824312EBE00E4CD91 /* UIApplication+Extension.swift in Sources */,
				EF0D2B0424312E3E00E4CD91 /* Constants.swift in Sources */,
			);
			runOnlyForDeploymentPostprocessing = 0;
		};
		EF0D2AB924311E8800E4CD91 /* Sources */ = {
			isa = PBXSourcesBuildPhase;
			buildActionMask = 2147483647;
			files = (
				EF0D2AC224311E8800E4CD91 /* McKinley_RiceTests.swift in Sources */,
			);
			runOnlyForDeploymentPostprocessing = 0;
		};
		EF0D2AC424311E8800E4CD91 /* Sources */ = {
			isa = PBXSourcesBuildPhase;
			buildActionMask = 2147483647;
			files = (
				EF0D2ACD24311E8800E4CD91 /* McKinley_RiceUITests.swift in Sources */,
			);
			runOnlyForDeploymentPostprocessing = 0;
		};
/* End PBXSourcesBuildPhase section */

/* Begin PBXTargetDependency section */
		EF0D2ABF24311E8800E4CD91 /* PBXTargetDependency */ = {
			isa = PBXTargetDependency;
			target = EF0D2AA324311E8300E4CD91 /* McKinley&Rice */;
			targetProxy = EF0D2ABE24311E8800E4CD91 /* PBXContainerItemProxy */;
		};
		EF0D2ACA24311E8800E4CD91 /* PBXTargetDependency */ = {
			isa = PBXTargetDependency;
			target = EF0D2AA324311E8300E4CD91 /* McKinley&Rice */;
			targetProxy = EF0D2AC924311E8800E4CD91 /* PBXContainerItemProxy */;
		};
/* End PBXTargetDependency section */

/* Begin PBXVariantGroup section */
		EF0D2AAD24311E8300E4CD91 /* Main.storyboard */ = {
			isa = PBXVariantGroup;
			children = (
				EF0D2AAE24311E8300E4CD91 /* Base */,
			);
			name = Main.storyboard;
			sourceTree = "<group>";
		};
		EF0D2AB524311E8800E4CD91 /* LaunchScreen.storyboard */ = {
			isa = PBXVariantGroup;
			children = (
				EF0D2AB624311E8800E4CD91 /* Base */,
			);
			name = LaunchScreen.storyboard;
			sourceTree = "<group>";
		};
/* End PBXVariantGroup section */

/* Begin XCBuildConfiguration section */
		EF0D2ACF24311E8800E4CD91 /* Debug */ = {
			isa = XCBuildConfiguration;
			buildSettings = {
				ALWAYS_SEARCH_USER_PATHS = NO;
				CLANG_ANALYZER_NONNULL = YES;
				CLANG_ANALYZER_NUMBER_OBJECT_CONVERSION = YES_AGGRESSIVE;
				CLANG_CXX_LANGUAGE_STANDARD = "gnu++14";
				CLANG_CXX_LIBRARY = "libc++";
				CLANG_ENABLE_MODULES = YES;
				CLANG_ENABLE_OBJC_ARC = YES;
				CLANG_ENABLE_OBJC_WEAK = YES;
				CLANG_WARN_BLOCK_CAPTURE_AUTORELEASING = YES;
				CLANG_WARN_BOOL_CONVERSION = YES;
				CLANG_WARN_COMMA = YES;
				CLANG_WARN_CONSTANT_CONVERSION = YES;
				CLANG_WARN_DEPRECATED_OBJC_IMPLEMENTATIONS = YES;
				CLANG_WARN_DIRECT_OBJC_ISA_USAGE = YES_ERROR;
				CLANG_WARN_DOCUMENTATION_COMMENTS = YES;
				CLANG_WARN_EMPTY_BODY = YES;
				CLANG_WARN_ENUM_CONVERSION = YES;
				CLANG_WARN_INFINITE_RECURSION = YES;
				CLANG_WARN_INT_CONVERSION = YES;
				CLANG_WARN_NON_LITERAL_NULL_CONVERSION = YES;
				CLANG_WARN_OBJC_IMPLICIT_RETAIN_SELF = YES;
				CLANG_WARN_OBJC_LITERAL_CONVERSION = YES;
				CLANG_WARN_OBJC_ROOT_CLASS = YES_ERROR;
				CLANG_WARN_RANGE_LOOP_ANALYSIS = YES;
				CLANG_WARN_STRICT_PROTOTYPES = YES;
				CLANG_WARN_SUSPICIOUS_MOVE = YES;
				CLANG_WARN_UNGUARDED_AVAILABILITY = YES_AGGRESSIVE;
				CLANG_WARN_UNREACHABLE_CODE = YES;
				CLANG_WARN__DUPLICATE_METHOD_MATCH = YES;
				COPY_PHASE_STRIP = NO;
				DEBUG_INFORMATION_FORMAT = dwarf;
				ENABLE_STRICT_OBJC_MSGSEND = YES;
				ENABLE_TESTABILITY = YES;
				GCC_C_LANGUAGE_STANDARD = gnu11;
				GCC_DYNAMIC_NO_PIC = NO;
				GCC_NO_COMMON_BLOCKS = YES;
				GCC_OPTIMIZATION_LEVEL = 0;
				GCC_PREPROCESSOR_DEFINITIONS = (
					"DEBUG=1",
					"$(inherited)",
				);
				GCC_WARN_64_TO_32_BIT_CONVERSION = YES;
				GCC_WARN_ABOUT_RETURN_TYPE = YES_ERROR;
				GCC_WARN_UNDECLARED_SELECTOR = YES;
				GCC_WARN_UNINITIALIZED_AUTOS = YES_AGGRESSIVE;
				GCC_WARN_UNUSED_FUNCTION = YES;
				GCC_WARN_UNUSED_VARIABLE = YES;
				IPHONEOS_DEPLOYMENT_TARGET = 13.2;
				MTL_ENABLE_DEBUG_INFO = INCLUDE_SOURCE;
				MTL_FAST_MATH = YES;
				ONLY_ACTIVE_ARCH = YES;
				SDKROOT = iphoneos;
				SWIFT_ACTIVE_COMPILATION_CONDITIONS = DEBUG;
				SWIFT_OPTIMIZATION_LEVEL = "-Onone";
			};
			name = Debug;
		};
		EF0D2AD024311E8800E4CD91 /* Release */ = {
			isa = XCBuildConfiguration;
			buildSettings = {
				ALWAYS_SEARCH_USER_PATHS = NO;
				CLANG_ANALYZER_NONNULL = YES;
				CLANG_ANALYZER_NUMBER_OBJECT_CONVERSION = YES_AGGRESSIVE;
				CLANG_CXX_LANGUAGE_STANDARD = "gnu++14";
				CLANG_CXX_LIBRARY = "libc++";
				CLANG_ENABLE_MODULES = YES;
				CLANG_ENABLE_OBJC_ARC = YES;
				CLANG_ENABLE_OBJC_WEAK = YES;
				CLANG_WARN_BLOCK_CAPTURE_AUTORELEASING = YES;
				CLANG_WARN_BOOL_CONVERSION = YES;
				CLANG_WARN_COMMA = YES;
				CLANG_WARN_CONSTANT_CONVERSION = YES;
				CLANG_WARN_DEPRECATED_OBJC_IMPLEMENTATIONS = YES;
				CLANG_WARN_DIRECT_OBJC_ISA_USAGE = YES_ERROR;
				CLANG_WARN_DOCUMENTATION_COMMENTS = YES;
				CLANG_WARN_EMPTY_BODY = YES;
				CLANG_WARN_ENUM_CONVERSION = YES;
				CLANG_WARN_INFINITE_RECURSION = YES;
				CLANG_WARN_INT_CONVERSION = YES;
				CLANG_WARN_NON_LITERAL_NULL_CONVERSION = YES;
				CLANG_WARN_OBJC_IMPLICIT_RETAIN_SELF = YES;
				CLANG_WARN_OBJC_LITERAL_CONVERSION = YES;
				CLANG_WARN_OBJC_ROOT_CLASS = YES_ERROR;
				CLANG_WARN_RANGE_LOOP_ANALYSIS = YES;
				CLANG_WARN_STRICT_PROTOTYPES = YES;
				CLANG_WARN_SUSPICIOUS_MOVE = YES;
				CLANG_WARN_UNGUARDED_AVAILABILITY = YES_AGGRESSIVE;
				CLANG_WARN_UNREACHABLE_CODE = YES;
				CLANG_WARN__DUPLICATE_METHOD_MATCH = YES;
				COPY_PHASE_STRIP = NO;
				DEBUG_INFORMATION_FORMAT = "dwarf-with-dsym";
				ENABLE_NS_ASSERTIONS = NO;
				ENABLE_STRICT_OBJC_MSGSEND = YES;
				GCC_C_LANGUAGE_STANDARD = gnu11;
				GCC_NO_COMMON_BLOCKS = YES;
				GCC_WARN_64_TO_32_BIT_CONVERSION = YES;
				GCC_WARN_ABOUT_RETURN_TYPE = YES_ERROR;
				GCC_WARN_UNDECLARED_SELECTOR = YES;
				GCC_WARN_UNINITIALIZED_AUTOS = YES_AGGRESSIVE;
				GCC_WARN_UNUSED_FUNCTION = YES;
				GCC_WARN_UNUSED_VARIABLE = YES;
				IPHONEOS_DEPLOYMENT_TARGET = 13.2;
				MTL_ENABLE_DEBUG_INFO = NO;
				MTL_FAST_MATH = YES;
				SDKROOT = iphoneos;
				SWIFT_COMPILATION_MODE = wholemodule;
				SWIFT_OPTIMIZATION_LEVEL = "-O";
				VALIDATE_PRODUCT = YES;
			};
			name = Release;
		};
		EF0D2AD224311E8800E4CD91 /* Debug */ = {
			isa = XCBuildConfiguration;
			baseConfigurationReference = 9B48F27A44EC29B34DDA1103 /* Pods-McKinley&Rice.debug.xcconfig */;
			buildSettings = {
				ASSETCATALOG_COMPILER_APPICON_NAME = AppIcon;
				CODE_SIGN_STYLE = Automatic;
				INFOPLIST_FILE = "McKinley&Rice/Info.plist";
				LD_RUNPATH_SEARCH_PATHS = (
					"$(inherited)",
					"@executable_path/Frameworks",
				);
				PRODUCT_BUNDLE_IDENTIFIER = "com.soumya.McKinley-Rice";
				PRODUCT_NAME = "$(TARGET_NAME)";
				SWIFT_VERSION = 5.0;
				TARGETED_DEVICE_FAMILY = "1,2";
			};
			name = Debug;
		};
		EF0D2AD324311E8800E4CD91 /* Release */ = {
			isa = XCBuildConfiguration;
			baseConfigurationReference = 7390124047567CEE8E7D7AC6 /* Pods-McKinley&Rice.release.xcconfig */;
			buildSettings = {
				ASSETCATALOG_COMPILER_APPICON_NAME = AppIcon;
				CODE_SIGN_STYLE = Automatic;
				INFOPLIST_FILE = "McKinley&Rice/Info.plist";
				LD_RUNPATH_SEARCH_PATHS = (
					"$(inherited)",
					"@executable_path/Frameworks",
				);
				PRODUCT_BUNDLE_IDENTIFIER = "com.soumya.McKinley-Rice";
				PRODUCT_NAME = "$(TARGET_NAME)";
				SWIFT_VERSION = 5.0;
				TARGETED_DEVICE_FAMILY = "1,2";
			};
			name = Release;
		};
		EF0D2AD524311E8800E4CD91 /* Debug */ = {
			isa = XCBuildConfiguration;
			baseConfigurationReference = 7BF7CE164154D944E71E873B /* Pods-McKinley&RiceTests.debug.xcconfig */;
			buildSettings = {
				ALWAYS_EMBED_SWIFT_STANDARD_LIBRARIES = YES;
				BUNDLE_LOADER = "$(TEST_HOST)";
				CODE_SIGN_STYLE = Automatic;
				INFOPLIST_FILE = "McKinley&RiceTests/Info.plist";
				IPHONEOS_DEPLOYMENT_TARGET = 13.2;
				LD_RUNPATH_SEARCH_PATHS = (
					"$(inherited)",
					"@executable_path/Frameworks",
					"@loader_path/Frameworks",
				);
				PRODUCT_BUNDLE_IDENTIFIER = "com.soumya.McKinley-RiceTests";
				PRODUCT_NAME = "$(TARGET_NAME)";
				SWIFT_VERSION = 5.0;
				TARGETED_DEVICE_FAMILY = "1,2";
				TEST_HOST = "$(BUILT_PRODUCTS_DIR)/McKinley&Rice.app/McKinley&Rice";
			};
			name = Debug;
		};
		EF0D2AD624311E8800E4CD91 /* Release */ = {
			isa = XCBuildConfiguration;
			baseConfigurationReference = 2942C97CE97BF2F6B0508A4D /* Pods-McKinley&RiceTests.release.xcconfig */;
			buildSettings = {
				ALWAYS_EMBED_SWIFT_STANDARD_LIBRARIES = YES;
				BUNDLE_LOADER = "$(TEST_HOST)";
				CODE_SIGN_STYLE = Automatic;
				INFOPLIST_FILE = "McKinley&RiceTests/Info.plist";
				IPHONEOS_DEPLOYMENT_TARGET = 13.2;
				LD_RUNPATH_SEARCH_PATHS = (
					"$(inherited)",
					"@executable_path/Frameworks",
					"@loader_path/Frameworks",
				);
				PRODUCT_BUNDLE_IDENTIFIER = "com.soumya.McKinley-RiceTests";
				PRODUCT_NAME = "$(TARGET_NAME)";
				SWIFT_VERSION = 5.0;
				TARGETED_DEVICE_FAMILY = "1,2";
				TEST_HOST = "$(BUILT_PRODUCTS_DIR)/McKinley&Rice.app/McKinley&Rice";
			};
			name = Release;
		};
		EF0D2AD824311E8800E4CD91 /* Debug */ = {
			isa = XCBuildConfiguration;
			baseConfigurationReference = B2AA67B0C25FC4DD8F57D3BF /* Pods-McKinley&Rice-McKinley&RiceUITests.debug.xcconfig */;
			buildSettings = {
				ALWAYS_EMBED_SWIFT_STANDARD_LIBRARIES = YES;
				CODE_SIGN_STYLE = Automatic;
				INFOPLIST_FILE = "McKinley&RiceUITests/Info.plist";
				LD_RUNPATH_SEARCH_PATHS = (
					"$(inherited)",
					"@executable_path/Frameworks",
					"@loader_path/Frameworks",
				);
				PRODUCT_BUNDLE_IDENTIFIER = "com.soumya.McKinley-RiceUITests";
				PRODUCT_NAME = "$(TARGET_NAME)";
				SWIFT_VERSION = 5.0;
				TARGETED_DEVICE_FAMILY = "1,2";
				TEST_TARGET_NAME = "McKinley&Rice";
			};
			name = Debug;
		};
		EF0D2AD924311E8800E4CD91 /* Release */ = {
			isa = XCBuildConfiguration;
			baseConfigurationReference = EA0D2530339667141DADCD3F /* Pods-McKinley&Rice-McKinley&RiceUITests.release.xcconfig */;
			buildSettings = {
				ALWAYS_EMBED_SWIFT_STANDARD_LIBRARIES = YES;
				CODE_SIGN_STYLE = Automatic;
				INFOPLIST_FILE = "McKinley&RiceUITests/Info.plist";
				LD_RUNPATH_SEARCH_PATHS = (
					"$(inherited)",
					"@executable_path/Frameworks",
					"@loader_path/Frameworks",
				);
				PRODUCT_BUNDLE_IDENTIFIER = "com.soumya.McKinley-RiceUITests";
				PRODUCT_NAME = "$(TARGET_NAME)";
				SWIFT_VERSION = 5.0;
				TARGETED_DEVICE_FAMILY = "1,2";
				TEST_TARGET_NAME = "McKinley&Rice";
			};
			name = Release;
		};
/* End XCBuildConfiguration section */

/* Begin XCConfigurationList section */
		EF0D2A9F24311E8300E4CD91 /* Build configuration list for PBXProject "McKinley&Rice" */ = {
			isa = XCConfigurationList;
			buildConfigurations = (
				EF0D2ACF24311E8800E4CD91 /* Debug */,
				EF0D2AD024311E8800E4CD91 /* Release */,
			);
			defaultConfigurationIsVisible = 0;
			defaultConfigurationName = Release;
		};
		EF0D2AD124311E8800E4CD91 /* Build configuration list for PBXNativeTarget "McKinley&Rice" */ = {
			isa = XCConfigurationList;
			buildConfigurations = (
				EF0D2AD224311E8800E4CD91 /* Debug */,
				EF0D2AD324311E8800E4CD91 /* Release */,
			);
			defaultConfigurationIsVisible = 0;
			defaultConfigurationName = Release;
		};
		EF0D2AD424311E8800E4CD91 /* Build configuration list for PBXNativeTarget "McKinley&RiceTests" */ = {
			isa = XCConfigurationList;
			buildConfigurations = (
				EF0D2AD524311E8800E4CD91 /* Debug */,
				EF0D2AD624311E8800E4CD91 /* Release */,
			);
			defaultConfigurationIsVisible = 0;
			defaultConfigurationName = Release;
		};
		EF0D2AD724311E8800E4CD91 /* Build configuration list for PBXNativeTarget "McKinley&RiceUITests" */ = {
			isa = XCConfigurationList;
			buildConfigurations = (
				EF0D2AD824311E8800E4CD91 /* Debug */,
				EF0D2AD924311E8800E4CD91 /* Release */,
			);
			defaultConfigurationIsVisible = 0;
			defaultConfigurationName = Release;
		};
/* End XCConfigurationList section */

/* Begin XCVersionGroup section */
		EF0D2AB024311E8300E4CD91 /* McKinley_Rice.xcdatamodeld */ = {
			isa = XCVersionGroup;
			children = (
				EF0D2AB124311E8300E4CD91 /* McKinley_Rice.xcdatamodel */,
			);
			currentVersion = EF0D2AB124311E8300E4CD91 /* McKinley_Rice.xcdatamodel */;
			path = McKinley_Rice.xcdatamodeld;
			sourceTree = "<group>";
			versionGroupType = wrapper.xcdatamodel;
		};
/* End XCVersionGroup section */
	};
	rootObject = EF0D2A9C24311E8300E4CD91 /* Project object */;
}
